
Microsoft Visual Studio Solution File, Format Version 12.00
# Visual Studio Version 16
VisualStudioVersion = 16.0.31911.196
MinimumVisualStudioVersion = 10.0.40219.1
Project("{FAE04EC0-301F-11D3-BF4B-00C04F79EFBC}") = "AmazonItsco_WindowsForms", "AmazonItsco_WindowsForms\AmazonItsco_WindowsForms.csproj", "{4A9FC635-F683-42F6-9799-7E36E4C59D52}"
EndProject
Project("{FAE04EC0-301F-11D3-BF4B-00C04F79EFBC}") = "AmazonItsco_Logica_ClassLibrary", "AmazonItsco_Logica_ClassLibrary\AmazonItsco_Logica_ClassLibrary.csproj", "{A0B8012B-91C4-4A36-A677-5212F429F4C1}"
EndProject
Project("{FAE04EC0-301F-11D3-BF4B-00C04F79EFBC}") = "AmazonItsco_Data_ClassLibrary", "AmazonItsco_Data_ClassLibrary\AmazonItsco_Data_ClassLibrary.csproj", "{5387662C-1EA0-48D9-AAB3-C6A8034B3DCE}"
EndProject
Global
	GlobalSection(SolutionConfigurationPlatforms) = preSolution
		Debug|Any CPU = Debug|Any CPU
		Release|Any CPU = Release|Any CPU
	EndGlobalSection
	GlobalSection(ProjectConfigurationPlatforms) = postSolution
		{4A9FC635-F683-42F6-9799-7E36E4C59D52}.Debug|Any CPU.ActiveCfg = Debug|Any CPU
		{4A9FC635-F683-42F6-9799-7E36E4C59D52}.Debug|Any CPU.Build.0 = Debug|Any CPU
		{4A9FC635-F683-42F6-9799-7E36E4C59D52}.Release|Any CPU.ActiveCfg = Release|Any CPU
		{4A9FC635-F683-42F6-9799-7E36E4C59D52}.Release|Any CPU.Build.0 = Release|Any CPU
		{A0B8012B-91C4-4A36-A677-5212F429F4C1}.Debug|Any CPU.ActiveCfg = Debug|Any CPU
		{A0B8012B-91C4-4A36-A677-5212F429F4C1}.Debug|Any CPU.Build.0 = Debug|Any CPU
		{A0B8012B-91C4-4A36-A677-5212F429F4C1}.Release|Any CPU.ActiveCfg = Release|Any CPU
		{A0B8012B-91C4-4A36-A677-5212F429F4C1}.Release|Any CPU.Build.0 = Release|Any CPU
		{5387662C-1EA0-48D9-AAB3-C6A8034B3DCE}.Debug|Any CPU.ActiveCfg = Debug|Any CPU
		{5387662C-1EA0-48D9-AAB3-C6A8034B3DCE}.Debug|Any CPU.Build.0 = Debug|Any CPU
		{5387662C-1EA0-48D9-AAB3-C6A8034B3DCE}.Release|Any CPU.ActiveCfg = Release|Any CPU
		{5387662C-1EA0-48D9-AAB3-C6A8034B3DCE}.Release|Any CPU.Build.0 = Release|Any CPU
	EndGlobalSection
	GlobalSection(SolutionProperties) = preSolution
		HideSolutionNode = FALSE
	EndGlobalSection
	GlobalSection(ExtensibilityGlobals) = postSolution
		SolutionGuid = {397B5342-9530-4D59-9321-26948D1A37E3}
	EndGlobalSection
EndGlobal
